PODS:
  - Alamofire (4.8.2)
  - Kingfisher (5.3.1)
  - Realm (3.20.0):
    - Realm/Headers (= 3.20.0)
  - Realm/Headers (3.20.0)
  - RealmSwift (3.20.0):
    - Realm (= 3.20.0)
  - SwiftyJSON (4.3.0)

DEPENDENCIES:
  - Alamofire
  - Kingfisher
  - RealmSwift (~> 3.20.0)
  - SwiftyJSON

SPEC REPOS:
  https://github.com/CocoaPods/Specs.git:
    - Alamofire
    - Kingfisher
    - SwiftyJSON
  trunk:
    - Realm
    - RealmSwift

SPEC CHECKSUMS:
  Alamofire: ae5c501addb7afdbb13687d7f2f722c78734c2d3
  Kingfisher: d9e7e0b209b59b8f9873aa2f37654e81a7beea51
  Realm: 8b2ca5bc6479a91f379b6b42b5922e396cd5ba5a
  RealmSwift: 1949ef26a279e1845bd51d591b9103adfcd121df
  SwiftyJSON: 6faa0040f8b59dead0ee07436cbf76b73c08fd08

PODFILE CHECKSUM: 99eb76da1e8f07ae94f022d339b9ad3e7e104921

COCOAPODS: 1.8.4
